
Microsoft Visual Studio Solution File, Format Version 12.00
# Visual Studio 15
VisualStudioVersion = 15.0.26730.16
MinimumVisualStudioVersion = 10.0.40219.1
Project("{FAE04EC0-301F-11D3-BF4B-00C04F79EFBC}") = "TechGestao", "TechGestao\TechGestao.csproj", "{6A653FAF-023E-4F93-8F72-1ED021B7412B}"
EndProject
Global
	GlobalSection(SolutionConfigurationPlatforms) = preSolution
		Debug|Any CPU = Debug|Any CPU
		Release|Any CPU = Release|Any CPU
	EndGlobalSection
	GlobalSection(ProjectConfigurationPlatforms) = postSolution
		{6A653FAF-023E-4F93-8F72-1ED021B7412B}.Debug|Any CPU.ActiveCfg = Debug|Any CPU
		{6A653FAF-023E-4F93-8F72-1ED021B7412B}.Debug|Any CPU.Build.0 = Debug|Any CPU
		{6A653FAF-023E-4F93-8F72-1ED021B7412B}.Release|Any CPU.ActiveCfg = Release|Any CPU
		{6A653FAF-023E-4F93-8F72-1ED021B7412B}.Release|Any CPU.Build.0 = Release|Any CPU
	EndGlobalSection
	GlobalSection(SolutionProperties) = preSolution
		HideSolutionNode = FALSE
	EndGlobalSection
	GlobalSection(ExtensibilityGlobals) = postSolution
		SolutionGuid = {9C400418-F543-4542-86F2-FC0CDFAE9A10}
	EndGlobalSection
EndGlobal
