
Microsoft Visual Studio Solution File, Format Version 12.00
# Visual Studio 15
VisualStudioVersion = 15.0.28010.2026
MinimumVisualStudioVersion = 10.0.40219.1
Project("{FAE04EC0-301F-11D3-BF4B-00C04F79EFBC}") = "Invernada", "Invernada\Invernada.csproj", "{56DE0267-2580-483B-9849-1B60EEF6652C}"
EndProject
Global
	GlobalSection(SolutionConfigurationPlatforms) = preSolution
		Debug|Any CPU = Debug|Any CPU
		Release|Any CPU = Release|Any CPU
	EndGlobalSection
	GlobalSection(ProjectConfigurationPlatforms) = postSolution
		{56DE0267-2580-483B-9849-1B60EEF6652C}.Debug|Any CPU.ActiveCfg = Debug|Any CPU
		{56DE0267-2580-483B-9849-1B60EEF6652C}.Debug|Any CPU.Build.0 = Debug|Any CPU
		{56DE0267-2580-483B-9849-1B60EEF6652C}.Release|Any CPU.ActiveCfg = Release|Any CPU
		{56DE0267-2580-483B-9849-1B60EEF6652C}.Release|Any CPU.Build.0 = Release|Any CPU
	EndGlobalSection
	GlobalSection(SolutionProperties) = preSolution
		HideSolutionNode = FALSE
	EndGlobalSection
	GlobalSection(ExtensibilityGlobals) = postSolution
		SolutionGuid = {1F431488-BB97-4847-AAD0-E4A03DF81262}
	EndGlobalSection
EndGlobal
